
Microsoft Visual Studio Solution File, Format Version 12.00
# Visual Studio Version 16
VisualStudioVersion = 16.0.29326.143
MinimumVisualStudioVersion = 10.0.40219.1
Project("{9A19103F-16F7-4668-BE54-9A1E7A4F7556}") = "PopBoxDaemon", "PopBoxDaemon\PopBoxDaemon.csproj", "{99EC0BBC-018B-40A9-B785-03E7E7DB83BE}"
EndProject
Project("{FAE04EC0-301F-11D3-BF4B-00C04F79EFBC}") = "Supermarket Clone", "..\..\C# Clones\Supermarket Clone\Supermarket Clone.csproj", "{5903C24A-C8D2-4AA7-8A10-5208D7100206}"
EndProject
Global
	GlobalSection(SolutionConfigurationPlatforms) = preSolution
		Debug|Any CPU = Debug|Any CPU
		Release|Any CPU = Release|Any CPU
	EndGlobalSection
	GlobalSection(ProjectConfigurationPlatforms) = postSolution
		{99EC0BBC-018B-40A9-B785-03E7E7DB83BE}.Debug|Any CPU.ActiveCfg = Debug|Any CPU
		{99EC0BBC-018B-40A9-B785-03E7E7DB83BE}.Debug|Any CPU.Build.0 = Debug|Any CPU
		{99EC0BBC-018B-40A9-B785-03E7E7DB83BE}.Release|Any CPU.ActiveCfg = Release|Any CPU
		{99EC0BBC-018B-40A9-B785-03E7E7DB83BE}.Release|Any CPU.Build.0 = Release|Any CPU
		{5903C24A-C8D2-4AA7-8A10-5208D7100206}.Debug|Any CPU.ActiveCfg = Debug|Any CPU
		{5903C24A-C8D2-4AA7-8A10-5208D7100206}.Debug|Any CPU.Build.0 = Debug|Any CPU
		{5903C24A-C8D2-4AA7-8A10-5208D7100206}.Release|Any CPU.ActiveCfg = Release|Any CPU
		{5903C24A-C8D2-4AA7-8A10-5208D7100206}.Release|Any CPU.Build.0 = Release|Any CPU
	EndGlobalSection
	GlobalSection(SolutionProperties) = preSolution
		HideSolutionNode = FALSE
	EndGlobalSection
	GlobalSection(ExtensibilityGlobals) = postSolution
		SolutionGuid = {40692FD5-365F-4ED6-B76E-E56962F4A0F3}
	EndGlobalSection
EndGlobal
